// !$*UTF8*$!
{
	archiveVersion = 1;
	classes = {
	};
	objectVersion = 50;
	objects = {

/* Begin PBXBuildFile section */
		46126D1525B92A4B007DC2AF /* Sandwich.swift in Sources */ = {isa = PBXBuildFile; fileRef = 46126D1325B92A49007DC2AF /* Sandwich.swift */; };
		46126D1625B92A4B007DC2AF /* Sandwich.swift in Sources */ = {isa = PBXBuildFile; fileRef = 46126D1325B92A49007DC2AF /* Sandwich.swift */; };
		46126D1725B92A4B007DC2AF /* Sandwiches.xcassets in Resources */ = {isa = PBXBuildFile; fileRef = 46126D1425B92A4B007DC2AF /* Sandwiches.xcassets */; };
		46126D1825B92A4B007DC2AF /* Sandwiches.xcassets in Resources */ = {isa = PBXBuildFile; fileRef = 46126D1425B92A4B007DC2AF /* Sandwiches.xcassets */; };
		46126D1C25B930A0007DC2AF /* SandwichDetail.swift in Sources */ = {isa = PBXBuildFile; fileRef = 46126D1B25B930A0007DC2AF /* SandwichDetail.swift */; };
		46126D1D25B930A0007DC2AF /* SandwichDetail.swift in Sources */ = {isa = PBXBuildFile; fileRef = 46126D1B25B930A0007DC2AF /* SandwichDetail.swift */; };
		468FF6E325B921640007C646 /* SandwichesApp.swift in Sources */ = {isa = PBXBuildFile; fileRef = 468FF6D025B921600007C646 /* SandwichesApp.swift */; };
		468FF6E425B921640007C646 /* SandwichesApp.swift in Sources */ = {isa = PBXBuildFile; fileRef = 468FF6D025B921600007C646 /* SandwichesApp.swift */; };
		468FF6E525B921640007C646 /* ContentView.swift in Sources */ = {isa = PBXBuildFile; fileRef = 468FF6D125B921600007C646 /* ContentView.swift */; };
		468FF6E625B921640007C646 /* ContentView.swift in Sources */ = {isa = PBXBuildFile; fileRef = 468FF6D125B921600007C646 /* ContentView.swift */; };
		468FF6E725B921640007C646 /* Assets.xcassets in Resources */ = {isa = PBXBuildFile; fileRef = 468FF6D225B921640007C646 /* Assets.xcassets */; };
		468FF6E825B921640007C646 /* Assets.xcassets in Resources */ = {isa = PBXBuildFile; fileRef = 468FF6D225B921640007C646 /* Assets.xcassets */; };
/* End PBXBuildFile section */

/* Begin PBXFileReference section */
		46126D1325B92A49007DC2AF /* Sandwich.swift */ = {isa = PBXFileReference; fileEncoding = 4; lastKnownFileType = sourcecode.swift; path = Sandwich.swift; sourceTree = "<group>"; };
		46126D1425B92A4B007DC2AF /* Sandwiches.xcassets */ = {isa = PBXFileReference; lastKnownFileType = folder.assetcatalog; path = Sandwiches.xcassets; sourceTree = "<group>"; };
		46126D1B25B930A0007DC2AF /* SandwichDetail.swift */ = {isa = PBXFileReference; lastKnownFileType = sourcecode.swift; path = SandwichDetail.swift; sourceTree = "<group>"; };
		468FF6D025B921600007C646 /* SandwichesApp.swift */ = {isa = PBXFileReference; lastKnownFileType = sourcecode.swift; path = SandwichesApp.swift; sourceTree = "<group>"; };
		468FF6D125B921600007C646 /* ContentView.swift */ = {isa = PBXFileReference; lastKnownFileType = sourcecode.swift; path = ContentView.swift; sourceTree = "<group>"; };
		468FF6D225B921640007C646 /* Assets.xcassets */ = {isa = PBXFileReference; lastKnownFileType = folder.assetcatalog; path = Assets.xcassets; sourceTree = "<group>"; };
		468FF6D725B921640007C646 /* Sandwiches.app */ = {isa = PBXFileReference; explicitFileType = wrapper.application; includeInIndex = 0; path = Sandwiches.app; sourceTree = BUILT_PRODUCTS_DIR; };
		468FF6DA25B921640007C646 /* Info.plist */ = {isa = PBXFileReference; lastKnownFileType = text.plist.xml; path = Info.plist; sourceTree = "<group>"; };
		468FF6DF25B921640007C646 /* Sandwiches.app */ = {isa = PBXFileReference; explicitFileType = wrapper.application; includeInIndex = 0; path = Sandwiches.app; sourceTree = BUILT_PRODUCTS_DIR; };
		468FF6E125B921640007C646 /* Info.plist */ = {isa = PBXFileReference; lastKnownFileType = text.plist.xml; path = Info.plist; sourceTree = "<group>"; };
		468FF6E225B921640007C646 /* macOS.entitlements */ = {isa = PBXFileReference; lastKnownFileType = text.plist.entitlements; path = macOS.entitlements; sourceTree = "<group>"; };
/* End PBXFileReference section */

/* Begin PBXFrameworksBuildPhase section */
		468FF6D425B921640007C646 /* Frameworks */ = {
			isa = PBXFrameworksBuildPhase;
			buildActionMask = 2147483647;
			files = (
			);
			runOnlyForDeploymentPostprocessing = 0;
		};
		468FF6DC25B921640007C646 /* Frameworks */ = {
			isa = PBXFrameworksBuildPhase;
			buildActionMask = 2147483647;
			files = (
			);
			runOnlyForDeploymentPostprocessing = 0;
		};
/* End PBXFrameworksBuildPhase section */

/* Begin PBXGroup section */
		468FF6CA25B9215F0007C646 = {
			isa = PBXGroup;
			children = (
				468FF6CF25B9215F0007C646 /* Shared */,
				468FF6D925B921640007C646 /* iOS */,
				468FF6E025B921640007C646 /* macOS */,
				468FF6D825B921640007C646 /* Products */,
			);
			sourceTree = "<group>";
		};
		468FF6CF25B9215F0007C646 /* Shared */ = {
			isa = PBXGroup;
			children = (
				46126D1B25B930A0007DC2AF /* SandwichDetail.swift */,
				468FF6D025B921600007C646 /* SandwichesApp.swift */,
				468FF6D125B921600007C646 /* ContentView.swift */,
				468FF6D225B921640007C646 /* Assets.xcassets */,
				46126D1325B92A49007DC2AF /* Sandwich.swift */,
				46126D1425B92A4B007DC2AF /* Sandwiches.xcassets */,
			);
			path = Shared;
			sourceTree = "<group>";
		};
		468FF6D825B921640007C646 /* Products */ = {
			isa = PBXGroup;
			children = (
				468FF6D725B921640007C646 /* Sandwiches.app */,
				468FF6DF25B921640007C646 /* Sandwiches.app */,
			);
			name = Products;
			sourceTree = "<group>";
		};
		468FF6D925B921640007C646 /* iOS */ = {
			isa = PBXGroup;
			children = (
				468FF6DA25B921640007C646 /* Info.plist */,
			);
			path = iOS;
			sourceTree = "<group>";
		};
		468FF6E025B921640007C646 /* macOS */ = {
			isa = PBXGroup;
			children = (
				468FF6E125B921640007C646 /* Info.plist */,
				468FF6E225B921640007C646 /* macOS.entitlements */,
			);
			path = macOS;
			sourceTree = "<group>";
		};
/* End PBXGroup section */

/* Begin PBXNativeTarget section */
		468FF6D625B921640007C646 /* Sandwiches (iOS) */ = {
			isa = PBXNativeTarget;
			buildConfigurationList = 468FF6EB25B921640007C646 /* Build configuration list for PBXNativeTarget "Sandwiches (iOS)" */;
			buildPhases = (
				468FF6D325B921640007C646 /* Sources */,
				468FF6D425B921640007C646 /* Frameworks */,
				468FF6D525B921640007C646 /* Resources */,
			);
			buildRules = (
			);
			dependencies = (
			);
			name = "Sandwiches (iOS)";
			productName = "Sandwiches (iOS)";
			productReference = 468FF6D725B921640007C646 /* Sandwiches.app */;
			productType = "com.apple.product-type.application";
		};
		468FF6DE25B921640007C646 /* Sandwiches (macOS) */ = {
			isa = PBXNativeTarget;
			buildConfigurationList = 468FF6EE25B921640007C646 /* Build configuration list for PBXNativeTarget "Sandwiches (macOS)" */;
			buildPhases = (
				468FF6DB25B921640007C646 /* Sources */,
				468FF6DC25B921640007C646 /* Frameworks */,
				468FF6DD25B921640007C646 /* Resources */,
			);
			buildRules = (
			);
			dependencies = (
			);
			name = "Sandwiches (macOS)";
			productName = "Sandwiches (macOS)";
			productReference = 468FF6DF25B921640007C646 /* Sandwiches.app */;
			productType = "com.apple.product-type.application";
		};
/* End PBXNativeTarget section */

/* Begin PBXProject section */
		468FF6CB25B9215F0007C646 /* Project object */ = {
			isa = PBXProject;
			attributes = {
				LastSwiftUpdateCheck = 1230;
				LastUpgradeCheck = 1230;
				TargetAttributes = {
					468FF6D625B921640007C646 = {
						CreatedOnToolsVersion = 12.3;
					};
					468FF6DE25B921640007C646 = {
						CreatedOnToolsVersion = 12.3;
					};
				};
			};
			buildConfigurationList = 468FF6CE25B9215F0007C646 /* Build configuration list for PBXProject "Sandwiches" */;
			compatibilityVersion = "Xcode 9.3";
			developmentRegion = en;
			hasScannedForEncodings = 0;
			knownRegions = (
				en,
				Base,
			);
			mainGroup = 468FF6CA25B9215F0007C646;
			productRefGroup = 468FF6D825B921640007C646 /* Products */;
			projectDirPath = "";
			projectRoot = "";
			targets = (
				468FF6D625B921640007C646 /* Sandwiches (iOS) */,
				468FF6DE25B921640007C646 /* Sandwiches (macOS) */,
			);
		};
/* End PBXProject section */

/* Begin PBXResourcesBuildPhase section */
		468FF6D525B921640007C646 /* Resources */ = {
			isa = PBXResourcesBuildPhase;
			buildActionMask = 2147483647;
			files = (
				46126D1725B92A4B007DC2AF /* Sandwiches.xcassets in Resources */,
				468FF6E725B921640007C646 /* Assets.xcassets in Resources */,
			);
			runOnlyForDeploymentPostprocessing = 0;
		};
		468FF6DD25B921640007C646 /* Resources */ = {
			isa = PBXResourcesBuildPhase;
			buildActionMask = 2147483647;
			files = (
				46126D1825B92A4B007DC2AF /* Sandwiches.xcassets in Resources */,
				468FF6E825B921640007C646 /* Assets.xcassets in Resources */,
			);
			runOnlyForDeploymentPostprocessing = 0;
		};
/* End PBXResourcesBuildPhase section */

/* Begin PBXSourcesBuildPhase section */
		468FF6D325B921640007C646 /* Sources */ = {
			isa = PBXSourcesBuildPhase;
			buildActionMask = 2147483647;
			files = (
				468FF6E525B921640007C646 /* ContentView.swift in Sources */,
				468FF6E325B921640007C646 /* SandwichesApp.swift in Sources */,
				46126D1525B92A4B007DC2AF /* Sandwich.swift in Sources */,
				46126D1C25B930A0007DC2AF /* SandwichDetail.swift in Sources */,
			);
			runOnlyForDeploymentPostprocessing = 0;
		};
		468FF6DB25B921640007C646 /* Sources */ = {
			isa = PBXSourcesBuildPhase;
			buildActionMask = 2147483647;
			files = (
				468FF6E625B921640007C646 /* ContentView.swift in Sources */,
				468FF6E425B921640007C646 /* SandwichesApp.swift in Sources */,
				46126D1625B92A4B007DC2AF /* Sandwich.swift in Sources */,
				46126D1D25B930A0007DC2AF /* SandwichDetail.swift in Sources */,
			);
			runOnlyForDeploymentPostprocessing = 0;
		};
/* End PBXSourcesBuildPhase section */

/* Begin XCBuildConfiguration section */
		468FF6E925B921640007C646 /* Debug */ = {
			isa = XCBuildConfiguration;
			buildSettings = {
				ALWAYS_SEARCH_USER_PATHS = NO;
				CLANG_ANALYZER_NONNULL = YES;
				CLANG_ANALYZER_NUMBER_OBJECT_CONVERSION = YES_AGGRESSIVE;
				CLANG_CXX_LANGUAGE_STANDARD = "gnu++14";
				CLANG_CXX_LIBRARY = "libc++";
				CLANG_ENABLE_MODULES = YES;
				CLANG_ENABLE_OBJC_ARC = YES;
				CLANG_ENABLE_OBJC_WEAK = YES;
				CLANG_WARN_BLOCK_CAPTURE_AUTORELEASING = YES;
				CLANG_WARN_BOOL_CONVERSION = YES;
				CLANG_WARN_COMMA = YES;
				CLANG_WARN_CONSTANT_CONVERSION = YES;
				CLANG_WARN_DEPRECATED_OBJC_IMPLEMENTATIONS = YES;
				CLANG_WARN_DIRECT_OBJC_ISA_USAGE = YES_ERROR;
				CLANG_WARN_DOCUMENTATION_COMMENTS = YES;
				CLANG_WARN_EMPTY_BODY = YES;
				CLANG_WARN_ENUM_CONVERSION = YES;
				CLANG_WARN_INFINITE_RECURSION = YES;
				CLANG_WARN_INT_CONVERSION = YES;
				CLANG_WARN_NON_LITERAL_NULL_CONVERSION = YES;
				CLANG_WARN_OBJC_IMPLICIT_RETAIN_SELF = YES;
				CLANG_WARN_OBJC_LITERAL_CONVERSION = YES;
				CLANG_WARN_OBJC_ROOT_CLASS = YES_ERROR;
				CLANG_WARN_QUOTED_INCLUDE_IN_FRAMEWORK_HEADER = YES;
				CLANG_WARN_RANGE_LOOP_ANALYSIS = YES;
				CLANG_WARN_STRICT_PROTOTYPES = YES;
				CLANG_WARN_SUSPICIOUS_MOVE = YES;
				CLANG_WARN_UNGUARDED_AVAILABILITY = YES_AGGRESSIVE;
				CLANG_WARN_UNREACHABLE_CODE = YES;
				CLANG_WARN__DUPLICATE_METHOD_MATCH = YES;
				COPY_PHASE_STRIP = NO;
				DEBUG_INFORMATION_FORMAT = dwarf;
				ENABLE_STRICT_OBJC_MSGSEND = YES;
				ENABLE_TESTABILITY = YES;
				GCC_C_LANGUAGE_STANDARD = gnu11;
				GCC_DYNAMIC_NO_PIC = NO;
				GCC_NO_COMMON_BLOCKS = YES;
				GCC_OPTIMIZATION_LEVEL = 0;
				GCC_PREPROCESSOR_DEFINITIONS = (
					"DEBUG=1",
					"$(inherited)",
				);
				GCC_WARN_64_TO_32_BIT_CONVERSION = YES;
				GCC_WARN_ABOUT_RETURN_TYPE = YES_ERROR;
				GCC_WARN_UNDECLARED_SELECTOR = YES;
				GCC_WARN_UNINITIALIZED_AUTOS = YES_AGGRESSIVE;
				GCC_WARN_UNUSED_FUNCTION = YES;
				GCC_WARN_UNUSED_VARIABLE = YES;
				MTL_ENABLE_DEBUG_INFO = INCLUDE_SOURCE;
				MTL_FAST_MATH = YES;
				ONLY_ACTIVE_ARCH = YES;
				SWIFT_ACTIVE_COMPILATION_CONDITIONS = DEBUG;
				SWIFT_OPTIMIZATION_LEVEL = "-Onone";
			};
			name = Debug;
		};
		468FF6EA25B921640007C646 /* Release */ = {
			isa = XCBuildConfiguration;
			buildSettings = {
				ALWAYS_SEARCH_USER_PATHS = NO;
				CLANG_ANALYZER_NONNULL = YES;
				CLANG_ANALYZER_NUMBER_OBJECT_CONVERSION = YES_AGGRESSIVE;
				CLANG_CXX_LANGUAGE_STANDARD = "gnu++14";
				CLANG_CXX_LIBRARY = "libc++";
				CLANG_ENABLE_MODULES = YES;
				CLANG_ENABLE_OBJC_ARC = YES;
				CLANG_ENABLE_OBJC_WEAK = YES;
				CLANG_WARN_BLOCK_CAPTURE_AUTORELEASING = YES;
				CLANG_WARN_BOOL_CONVERSION = YES;
				CLANG_WARN_COMMA = YES;
				CLANG_WARN_CONSTANT_CONVERSION = YES;
				CLANG_WARN_DEPRECATED_OBJC_IMPLEMENTATIONS = YES;
				CLANG_WARN_DIRECT_OBJC_ISA_USAGE = YES_ERROR;
				CLANG_WARN_DOCUMENTATION_COMMENTS = YES;
				CLANG_WARN_EMPTY_BODY = YES;
				CLANG_WARN_ENUM_CONVERSION = YES;
				CLANG_WARN_INFINITE_RECURSION = YES;
				CLANG_WARN_INT_CONVERSION = YES;
				CLANG_WARN_NON_LITERAL_NULL_CONVERSION = YES;
				CLANG_WARN_OBJC_IMPLICIT_RETAIN_SELF = YES;
				CLANG_WARN_OBJC_LITERAL_CONVERSION = YES;
				CLANG_WARN_OBJC_ROOT_CLASS = YES_ERROR;
				CLANG_WARN_QUOTED_INCLUDE_IN_FRAMEWORK_HEADER = YES;
				CLANG_WARN_RANGE_LOOP_ANALYSIS = YES;
				CLANG_WARN_STRICT_PROTOTYPES = YES;
				CLANG_WARN_SUSPICIOUS_MOVE = YES;
				CLANG_WARN_UNGUARDED_AVAILABILITY = YES_AGGRESSIVE;
				CLANG_WARN_UNREACHABLE_CODE = YES;
				CLANG_WARN__DUPLICATE_METHOD_MATCH = YES;
				COPY_PHASE_STRIP = NO;
				DEBUG_INFORMATION_FORMAT = "dwarf-with-dsym";
				ENABLE_NS_ASSERTIONS = NO;
				ENABLE_STRICT_OBJC_MSGSEND = YES;
				GCC_C_LANGUAGE_STANDARD = gnu11;
				GCC_NO_COMMON_BLOCKS = YES;
				GCC_WARN_64_TO_32_BIT_CONVERSION = YES;
				GCC_WARN_ABOUT_RETURN_TYPE = YES_ERROR;
				GCC_WARN_UNDECLARED_SELECTOR = YES;
				GCC_WARN_UNINITIALIZED_AUTOS = YES_AGGRESSIVE;
				GCC_WARN_UNUSED_FUNCTION = YES;
				GCC_WARN_UNUSED_VARIABLE = YES;
				MTL_ENABLE_DEBUG_INFO = NO;
				MTL_FAST_MATH = YES;
				SWIFT_COMPILATION_MODE = wholemodule;
				SWIFT_OPTIMIZATION_LEVEL = "-O";
			};
			name = Release;
		};
		468FF6EC25B921640007C646 /* Debug */ = {
			isa = XCBuildConfiguration;
			buildSettings = {
				ASSETCATALOG_COMPILER_APPICON_NAME = AppIcon;
				ASSETCATALOG_COMPILER_GLOBAL_ACCENT_COLOR_NAME = AccentColor;
				CODE_SIGN_STYLE = Automatic;
				DEVELOPMENT_TEAM = 4Z8K5J6R48;
				ENABLE_PREVIEWS = YES;
				INFOPLIST_FILE = iOS/Info.plist;
				IPHONEOS_DEPLOYMENT_TARGET = 14.0;
				LD_RUNPATH_SEARCH_PATHS = (
					"$(inherited)",
					"@executable_path/Frameworks",
				);
				PRODUCT_BUNDLE_IDENTIFIER = ca.liu.nicole.Sandwiches;
				PRODUCT_NAME = Sandwiches;
				SDKROOT = iphoneos;
				SWIFT_VERSION = 5.0;
				TARGETED_DEVICE_FAMILY = "1,2";
			};
			name = Debug;
		};
		468FF6ED25B921640007C646 /* Release */ = {
			isa = XCBuildConfiguration;
			buildSettings = {
				ASSETCATALOG_COMPILER_APPICON_NAME = AppIcon;
				ASSETCATALOG_COMPILER_GLOBAL_ACCENT_COLOR_NAME = AccentColor;
				CODE_SIGN_STYLE = Automatic;
				DEVELOPMENT_TEAM = 4Z8K5J6R48;
				ENABLE_PREVIEWS = YES;
				INFOPLIST_FILE = iOS/Info.plist;
				IPHONEOS_DEPLOYMENT_TARGET = 14.0;
				LD_RUNPATH_SEARCH_PATHS = (
					"$(inherited)",
					"@executable_path/Frameworks",
				);
				PRODUCT_BUNDLE_IDENTIFIER = ca.liu.nicole.Sandwiches;
				PRODUCT_NAME = Sandwiches;
				SDKROOT = iphoneos;
				SWIFT_VERSION = 5.0;
				TARGETED_DEVICE_FAMILY = "1,2";
				VALIDATE_PRODUCT = YES;
			};
			name = Release;
		};
		468FF6EF25B921640007C646 /* Debug */ = {
			isa = XCBuildConfiguration;
			buildSettings = {
				ASSETCATALOG_COMPILER_APPICON_NAME = AppIcon;
				ASSETCATALOG_COMPILER_GLOBAL_ACCENT_COLOR_NAME = AccentColor;
				CODE_SIGN_ENTITLEMENTS = macOS/macOS.entitlements;
				CODE_SIGN_STYLE = Automatic;
				COMBINE_HIDPI_IMAGES = YES;
				DEVELOPMENT_TEAM = 4Z8K5J6R48;
				ENABLE_HARDENED_RUNTIME = YES;
				ENABLE_PREVIEWS = YES;
				INFOPLIST_FILE = macOS/Info.plist;
				LD_RUNPATH_SEARCH_PATHS = (
					"$(inherited)",
					"@executable_path/../Frameworks",
				);
				MACOSX_DEPLOYMENT_TARGET = 11.0;
				PRODUCT_BUNDLE_IDENTIFIER = ca.liu.nicole.Sandwiches;
				PRODUCT_NAME = Sandwiches;
				SDKROOT = macosx;
				SWIFT_VERSION = 5.0;
			};
			name = Debug;
		};
		468FF6F025B921640007C646 /* Release */ = {
			isa = XCBuildConfiguration;
			buildSettings = {
				ASSETCATALOG_COMPILER_APPICON_NAME = AppIcon;
				ASSETCATALOG_COMPILER_GLOBAL_ACCENT_COLOR_NAME = AccentColor;
				CODE_SIGN_ENTITLEMENTS = macOS/macOS.entitlements;
				CODE_SIGN_STYLE = Automatic;
				COMBINE_HIDPI_IMAGES = YES;
				DEVELOPMENT_TEAM = 4Z8K5J6R48;
				ENABLE_HARDENED_RUNTIME = YES;
				ENABLE_PREVIEWS = YES;
				INFOPLIST_FILE = macOS/Info.plist;
				LD_RUNPATH_SEARCH_PATHS = (
					"$(inherited)",
					"@executable_path/../Frameworks",
				);
				MACOSX_DEPLOYMENT_TARGET = 11.0;
				PRODUCT_BUNDLE_IDENTIFIER = ca.liu.nicole.Sandwiches;
				PRODUCT_NAME = Sandwiches;
				SDKROOT = macosx;
				SWIFT_VERSION = 5.0;
			};
			name = Release;
		};
/* End XCBuildConfiguration section */

/* Begin XCConfigurationList section */
		468FF6CE25B9215F0007C646 /* Build configuration list for PBXProject "Sandwiches" */ = {
			isa = XCConfigurationList;
			buildConfigurations = (
				468FF6E925B921640007C646 /* Debug */,
				468FF6EA25B921640007C646 /* Release */,
			);
			defaultConfigurationIsVisible = 0;
			defaultConfigurationName = Release;
		};
		468FF6EB25B921640007C646 /* Build configuration list for PBXNativeTarget "Sandwiches (iOS)" */ = {
			isa = XCConfigurationList;
			buildConfigurations = (
				468FF6EC25B921640007C646 /* Debug */,
				468FF6ED25B921640007C646 /* Release */,
			);
			defaultConfigurationIsVisible = 0;
			defaultConfigurationName = Release;
		};
		468FF6EE25B921640007C646 /* Build configuration list for PBXNativeTarget "Sandwiches (macOS)" */ = {
			isa = XCConfigurationList;
			buildConfigurations = (
				468FF6EF25B921640007C646 /* Debug */,
				468FF6F025B921640007C646 /* Release */,
			);
			defaultConfigurationIsVisible = 0;
			defaultConfigurationName = Release;
		};
/* End XCConfigurationList section */
	};
	rootObject = 468FF6CB25B9215F0007C646 /* Project object */;
}
